// !$*UTF8*$!
{
	archiveVersion = 1;
	classes = {
	};
	objectVersion = 52;
	objects = {

/* Begin PBXBuildFile section */
		4248F227237090A800726812 /* AppDelegate.swift in Sources */ = {isa = PBXBuildFile; fileRef = 4248F226237090A800726812 /* AppDelegate.swift */; };
		4248F229237090A800726812 /* SceneDelegate.swift in Sources */ = {isa = PBXBuildFile; fileRef = 4248F228237090A800726812 /* SceneDelegate.swift */; };
		4248F22B237090A800726812 /* ViewController.swift in Sources */ = {isa = PBXBuildFile; fileRef = 4248F22A237090A800726812 /* ViewController.swift */; };
		4248F22E237090A800726812 /* Main.storyboard in Resources */ = {isa = PBXBuildFile; fileRef = 4248F22C237090A800726812 /* Main.storyboard */; };
		4248F230237090AB00726812 /* Assets.xcassets in Resources */ = {isa = PBXBuildFile; fileRef = 4248F22F237090AB00726812 /* Assets.xcassets */; };
		4248F233237090AB00726812 /* LaunchScreen.storyboard in Resources */ = {isa = PBXBuildFile; fileRef = 4248F231237090AB00726812 /* LaunchScreen.storyboard */; };
		42B0D198237477EE00CA01C4 /* FahrenhitVC.swift in Sources */ = {isa = PBXBuildFile; fileRef = 42B0D197237477EE00CA01C4 /* FahrenhitVC.swift */; };
		42B0D19A2374780500CA01C4 /* CelcuisVC.swift in Sources */ = {isa = PBXBuildFile; fileRef = 42B0D1992374780500CA01C4 /* CelcuisVC.swift */; };
		42B0D19C2374781900CA01C4 /* KelvinVC.swift in Sources */ = {isa = PBXBuildFile; fileRef = 42B0D19B2374781900CA01C4 /* KelvinVC.swift */; };
/* End PBXBuildFile section */

/* Begin PBXFileReference section */
		4248F223237090A800726812 /* weatherDegreesApp.app */ = {isa = PBXFileReference; explicitFileType = wrapper.application; includeInIndex = 0; path = weatherDegreesApp.app; sourceTree = BUILT_PRODUCTS_DIR; };
		4248F226237090A800726812 /* AppDelegate.swift */ = {isa = PBXFileReference; lastKnownFileType = sourcecode.swift; path = AppDelegate.swift; sourceTree = "<group>"; };
		4248F228237090A800726812 /* SceneDelegate.swift */ = {isa = PBXFileReference; lastKnownFileType = sourcecode.swift; path = SceneDelegate.swift; sourceTree = "<group>"; };
		4248F22A237090A800726812 /* ViewController.swift */ = {isa = PBXFileReference; lastKnownFileType = sourcecode.swift; path = ViewController.swift; sourceTree = "<group>"; };
		4248F22D237090A800726812 /* Base */ = {isa = PBXFileReference; lastKnownFileType = file.storyboard; name = Base; path = Base.lproj/Main.storyboard; sourceTree = "<group>"; };
		4248F22F237090AB00726812 /* Assets.xcassets */ = {isa = PBXFileReference; lastKnownFileType = folder.assetcatalog; path = Assets.xcassets; sourceTree = "<group>"; };
		4248F232237090AB00726812 /* Base */ = {isa = PBXFileReference; lastKnownFileType = file.storyboard; name = Base; path = Base.lproj/LaunchScreen.storyboard; sourceTree = "<group>"; };
		4248F234237090AB00726812 /* Info.plist */ = {isa = PBXFileReference; lastKnownFileType = text.plist.xml; path = Info.plist; sourceTree = "<group>"; };
		42B0D197237477EE00CA01C4 /* FahrenhitVC.swift */ = {isa = PBXFileReference; lastKnownFileType = sourcecode.swift; path = FahrenhitVC.swift; sourceTree = "<group>"; };
		42B0D1992374780500CA01C4 /* CelcuisVC.swift */ = {isa = PBXFileReference; lastKnownFileType = sourcecode.swift; path = CelcuisVC.swift; sourceTree = "<group>"; };
		42B0D19B2374781900CA01C4 /* KelvinVC.swift */ = {isa = PBXFileReference; lastKnownFileType = sourcecode.swift; path = KelvinVC.swift; sourceTree = "<group>"; };
/* End PBXFileReference section */

/* Begin PBXFrameworksBuildPhase section */
		4248F220237090A800726812 /* Frameworks */ = {
			isa = PBXFrameworksBuildPhase;
			buildActionMask = 2147483647;
			files = (
			);
			runOnlyForDeploymentPostprocessing = 0;
		};
/* End PBXFrameworksBuildPhase section */

/* Begin PBXGroup section */
		4248F21A237090A800726812 = {
			isa = PBXGroup;
			children = (
				4248F225237090A800726812 /* weatherDegreesApp */,
				4248F224237090A800726812 /* Products */,
			);
			sourceTree = "<group>";
		};
		4248F224237090A800726812 /* Products */ = {
			isa = PBXGroup;
			children = (
				4248F223237090A800726812 /* weatherDegreesApp.app */,
			);
			name = Products;
			sourceTree = "<group>";
		};
		4248F225237090A800726812 /* weatherDegreesApp */ = {
			isa = PBXGroup;
			children = (
				4248F226237090A800726812 /* AppDelegate.swift */,
				4248F228237090A800726812 /* SceneDelegate.swift */,
				4248F22A237090A800726812 /* ViewController.swift */,
				4248F22C237090A800726812 /* Main.storyboard */,
				42B0D19B2374781900CA01C4 /* KelvinVC.swift */,
				42B0D1992374780500CA01C4 /* CelcuisVC.swift */,
				42B0D197237477EE00CA01C4 /* FahrenhitVC.swift */,
				4248F22F237090AB00726812 /* Assets.xcassets */,
				4248F231237090AB00726812 /* LaunchScreen.storyboard */,
				4248F234237090AB00726812 /* Info.plist */,
			);
			path = weatherDegreesApp;
			sourceTree = "<group>";
		};
/* End PBXGroup section */

/* Begin PBXNativeTarget section */
		4248F222237090A800726812 /* weatherDegreesApp */ = {
			isa = PBXNativeTarget;
			buildConfigurationList = 4248F237237090AB00726812 /* Build configuration list for PBXNativeTarget "weatherDegreesApp" */;
			buildPhases = (
				4248F21F237090A800726812 /* Sources */,
				4248F220237090A800726812 /* Frameworks */,
				4248F221237090A800726812 /* Resources */,
			);
			buildRules = (
			);
			dependencies = (
			);
			name = weatherDegreesApp;
			productName = weatherDegreesApp;
			productReference = 4248F223237090A800726812 /* weatherDegreesApp.app */;
			productType = "com.apple.product-type.application";
		};
/* End PBXNativeTarget section */

/* Begin PBXProject section */
		4248F21B237090A800726812 /* Project object */ = {
			isa = PBXProject;
			attributes = {
				LastSwiftUpdateCheck = 1110;
				LastUpgradeCheck = 1110;
				ORGANIZATIONNAME = JacksApps;
				TargetAttributes = {
					4248F222237090A800726812 = {
						CreatedOnToolsVersion = 11.1;
					};
				};
			};
			buildConfigurationList = 4248F21E237090A800726812 /* Build configuration list for PBXProject "weatherDegreesApp" */;
			compatibilityVersion = "Xcode 11.0";
			developmentRegion = en;
			hasScannedForEncodings = 0;
			knownRegions = (
				en,
				Base,
			);
			mainGroup = 4248F21A237090A800726812;
			productRefGroup = 4248F224237090A800726812 /* Products */;
			projectDirPath = "";
			projectRoot = "";
			targets = (
				4248F222237090A800726812 /* weatherDegreesApp */,
			);
		};
/* End PBXProject section */

/* Begin PBXResourcesBuildPhase section */
		4248F221237090A800726812 /* Resources */ = {
			isa = PBXResourcesBuildPhase;
			buildActionMask = 2147483647;
			files = (
				4248F233237090AB00726812 /* LaunchScreen.storyboard in Resources */,
				4248F230237090AB00726812 /* Assets.xcassets in Resources */,
				4248F22E237090A800726812 /* Main.storyboard in Resources */,
			);
			runOnlyForDeploymentPostprocessing = 0;
		};
/* End PBXResourcesBuildPhase section */

/* Begin PBXSourcesBuildPhase section */
		4248F21F237090A800726812 /* Sources */ = {
			isa = PBXSourcesBuildPhase;
			buildActionMask = 2147483647;
			files = (
				4248F22B237090A800726812 /* ViewController.swift in Sources */,
				4248F227237090A800726812 /* AppDelegate.swift in Sources */,
				42B0D198237477EE00CA01C4 /* FahrenhitVC.swift in Sources */,
				42B0D19C2374781900CA01C4 /* KelvinVC.swift in Sources */,
				4248F229237090A800726812 /* SceneDelegate.swift in Sources */,
				42B0D19A2374780500CA01C4 /* CelcuisVC.swift in Sources */,
			);
			runOnlyForDeploymentPostprocessing = 0;
		};
/* End PBXSourcesBuildPhase section */

/* Begin PBXVariantGroup section */
		4248F22C237090A800726812 /* Main.storyboard */ = {
			isa = PBXVariantGroup;
			children = (
				4248F22D237090A800726812 /* Base */,
			);
			name = Main.storyboard;
			sourceTree = "<group>";
		};
		4248F231237090AB00726812 /* LaunchScreen.storyboard */ = {
			isa = PBXVariantGroup;
			children = (
				4248F232237090AB00726812 /* Base */,
			);
			name = LaunchScreen.storyboard;
			sourceTree = "<group>";
		};
/* End PBXVariantGroup section */

/* Begin XCBuildConfiguration section */
		4248F235237090AB00726812 /* Debug */ = {
			isa = XCBuildConfiguration;
			buildSettings = {
				ALWAYS_SEARCH_USER_PATHS = NO;
				CLANG_ANALYZER_NONNULL = YES;
				CLANG_ANALYZER_NUMBER_OBJECT_CONVERSION = YES_AGGRESSIVE;
				CLANG_CXX_LANGUAGE_STANDARD = "gnu++14";
				CLANG_CXX_LIBRARY = "libc++";
				CLANG_ENABLE_MODULES = YES;
				CLANG_ENABLE_OBJC_ARC = YES;
				CLANG_ENABLE_OBJC_WEAK = YES;
				CLANG_WARN_BLOCK_CAPTURE_AUTORELEASING = YES;
				CLANG_WARN_BOOL_CONVERSION = YES;
				CLANG_WARN_COMMA = YES;
				CLANG_WARN_CONSTANT_CONVERSION = YES;
				CLANG_WARN_DEPRECATED_OBJC_IMPLEMENTATIONS = YES;
				CLANG_WARN_DIRECT_OBJC_ISA_USAGE = YES_ERROR;
				CLANG_WARN_DOCUMENTATION_COMMENTS = YES;
				CLANG_WARN_EMPTY_BODY = YES;
				CLANG_WARN_ENUM_CONVERSION = YES;
				CLANG_WARN_INFINITE_RECURSION = YES;
				CLANG_WARN_INT_CONVERSION = YES;
				CLANG_WARN_NON_LITERAL_NULL_CONVERSION = YES;
				CLANG_WARN_OBJC_IMPLICIT_RETAIN_SELF = YES;
				CLANG_WARN_OBJC_LITERAL_CONVERSION = YES;
				CLANG_WARN_OBJC_ROOT_CLASS = YES_ERROR;
				CLANG_WARN_RANGE_LOOP_ANALYSIS = YES;
				CLANG_WARN_STRICT_PROTOTYPES = YES;
				CLANG_WARN_SUSPICIOUS_MOVE = YES;
				CLANG_WARN_UNGUARDED_AVAILABILITY = YES_AGGRESSIVE;
				CLANG_WARN_UNREACHABLE_CODE = YES;
				CLANG_WARN__DUPLICATE_METHOD_MATCH = YES;
				COPY_PHASE_STRIP = NO;
				DEBUG_INFORMATION_FORMAT = dwarf;
				ENABLE_STRICT_OBJC_MSGSEND = YES;
				ENABLE_TESTABILITY = YES;
				GCC_C_LANGUAGE_STANDARD = gnu11;
				GCC_DYNAMIC_NO_PIC = NO;
				GCC_NO_COMMON_BLOCKS = YES;
				GCC_OPTIMIZATION_LEVEL = 0;
				GCC_PREPROCESSOR_DEFINITIONS = (
					"DEBUG=1",
					"$(inherited)",
				);
				GCC_WARN_64_TO_32_BIT_CONVERSION = YES;
				GCC_WARN_ABOUT_RETURN_TYPE = YES_ERROR;
				GCC_WARN_UNDECLARED_SELECTOR = YES;
				GCC_WARN_UNINITIALIZED_AUTOS = YES_AGGRESSIVE;
				GCC_WARN_UNUSED_FUNCTION = YES;
				GCC_WARN_UNUSED_VARIABLE = YES;
				IPHONEOS_DEPLOYMENT_TARGET = 13.1;
				MTL_ENABLE_DEBUG_INFO = INCLUDE_SOURCE;
				MTL_FAST_MATH = YES;
				ONLY_ACTIVE_ARCH = YES;
				SDKROOT = iphoneos;
				SWIFT_ACTIVE_COMPILATION_CONDITIONS = DEBUG;
				SWIFT_OPTIMIZATION_LEVEL = "-Onone";
			};
			name = Debug;
		};
		4248F236237090AB00726812 /* Release */ = {
			isa = XCBuildConfiguration;
			buildSettings = {
				ALWAYS_SEARCH_USER_PATHS = NO;
				CLANG_ANALYZER_NONNULL = YES;
				CLANG_ANALYZER_NUMBER_OBJECT_CONVERSION = YES_AGGRESSIVE;
				CLANG_CXX_LANGUAGE_STANDARD = "gnu++14";
				CLANG_CXX_LIBRARY = "libc++";
				CLANG_ENABLE_MODULES = YES;
				CLANG_ENABLE_OBJC_ARC = YES;
				CLANG_ENABLE_OBJC_WEAK = YES;
				CLANG_WARN_BLOCK_CAPTURE_AUTORELEASING = YES;
				CLANG_WARN_BOOL_CONVERSION = YES;
				CLANG_WARN_COMMA = YES;
				CLANG_WARN_CONSTANT_CONVERSION = YES;
				CLANG_WARN_DEPRECATED_OBJC_IMPLEMENTATIONS = YES;
				CLANG_WARN_DIRECT_OBJC_ISA_USAGE = YES_ERROR;
				CLANG_WARN_DOCUMENTATION_COMMENTS = YES;
				CLANG_WARN_EMPTY_BODY = YES;
				CLANG_WARN_ENUM_CONVERSION = YES;
				CLANG_WARN_INFINITE_RECURSION = YES;
				CLANG_WARN_INT_CONVERSION = YES;
				CLANG_WARN_NON_LITERAL_NULL_CONVERSION = YES;
				CLANG_WARN_OBJC_IMPLICIT_RETAIN_SELF = YES;
				CLANG_WARN_OBJC_LITERAL_CONVERSION = YES;
				CLANG_WARN_OBJC_ROOT_CLASS = YES_ERROR;
				CLANG_WARN_RANGE_LOOP_ANALYSIS = YES;
				CLANG_WARN_STRICT_PROTOTYPES = YES;
				CLANG_WARN_SUSPICIOUS_MOVE = YES;
				CLANG_WARN_UNGUARDED_AVAILABILITY = YES_AGGRESSIVE;
				CLANG_WARN_UNREACHABLE_CODE = YES;
				CLANG_WARN__DUPLICATE_METHOD_MATCH = YES;
				COPY_PHASE_STRIP = NO;
				DEBUG_INFORMATION_FORMAT = "dwarf-with-dsym";
				ENABLE_NS_ASSERTIONS = NO;
				ENABLE_STRICT_OBJC_MSGSEND = YES;
				GCC_C_LANGUAGE_STANDARD = gnu11;
				GCC_NO_COMMON_BLOCKS = YES;
				GCC_WARN_64_TO_32_BIT_CONVERSION = YES;
				GCC_WARN_ABOUT_RETURN_TYPE = YES_ERROR;
				GCC_WARN_UNDECLARED_SELECTOR = YES;
				GCC_WARN_UNINITIALIZED_AUTOS = YES_AGGRESSIVE;
				GCC_WARN_UNUSED_FUNCTION = YES;
				GCC_WARN_UNUSED_VARIABLE = YES;
				IPHONEOS_DEPLOYMENT_TARGET = 13.1;
				MTL_ENABLE_DEBUG_INFO = NO;
				MTL_FAST_MATH = YES;
				SDKROOT = iphoneos;
				SWIFT_COMPILATION_MODE = wholemodule;
				SWIFT_OPTIMIZATION_LEVEL = "-O";
				VALIDATE_PRODUCT = YES;
			};
			name = Release;
		};
		4248F238237090AB00726812 /* Debug */ = {
			isa = XCBuildConfiguration;
			buildSettings = {
				ASSETCATALOG_COMPILER_APPICON_NAME = AppIcon;
				CODE_SIGN_STYLE = Automatic;
				DEVELOPMENT_TEAM = MR4SWSSTV6;
				INFOPLIST_FILE = weatherDegreesApp/Info.plist;
				IPHONEOS_DEPLOYMENT_TARGET = 13.1;
				LD_RUNPATH_SEARCH_PATHS = (
					"$(inherited)",
					"@executable_path/Frameworks",
				);
				PRODUCT_BUNDLE_IDENTIFIER = com.JacksApps.weatherDegreesApp;
				PRODUCT_NAME = "$(TARGET_NAME)";
				SWIFT_VERSION = 5.0;
				TARGETED_DEVICE_FAMILY = "1,2";
			};
			name = Debug;
		};
		4248F239237090AB00726812 /* Release */ = {
			isa = XCBuildConfiguration;
			buildSettings = {
				ASSETCATALOG_COMPILER_APPICON_NAME = AppIcon;
				CODE_SIGN_STYLE = Automatic;
				DEVELOPMENT_TEAM = MR4SWSSTV6;
				INFOPLIST_FILE = weatherDegreesApp/Info.plist;
				IPHONEOS_DEPLOYMENT_TARGET = 13.1;
				LD_RUNPATH_SEARCH_PATHS = (
					"$(inherited)",
					"@executable_path/Frameworks",
				);
				PRODUCT_BUNDLE_IDENTIFIER = com.JacksApps.weatherDegreesApp;
				PRODUCT_NAME = "$(TARGET_NAME)";
				SWIFT_VERSION = 5.0;
				TARGETED_DEVICE_FAMILY = "1,2";
			};
			name = Release;
		};
/* End XCBuildConfiguration section */

/* Begin XCConfigurationList section */
		4248F21E237090A800726812 /* Build configuration list for PBXProject "weatherDegreesApp" */ = {
			isa = XCConfigurationList;
			buildConfigurations = (
				4248F235237090AB00726812 /* Debug */,
				4248F236237090AB00726812 /* Release */,
			);
			defaultConfigurationIsVisible = 0;
			defaultConfigurationName = Release;
		};
		4248F237237090AB00726812 /* Build configuration list for PBXNativeTarget "weatherDegreesApp" */ = {
			isa = XCConfigurationList;
			buildConfigurations = (
				4248F238237090AB00726812 /* Debug */,
				4248F239237090AB00726812 /* Release */,
			);
			defaultConfigurationIsVisible = 0;
			defaultConfigurationName = Release;
		};
/* End XCConfigurationList section */
	};
	rootObject = 4248F21B237090A800726812 /* Project object */;
}
